
Microsoft Visual Studio Solution File, Format Version 12.00
# Visual Studio Version 17
VisualStudioVersion = 17.0.31903.59
MinimumVisualStudioVersion = 10.0.40219.1
Project("{FAE04EC0-301F-11D3-BF4B-00C04F79EFBC}") = "DataConPro", "DataConPro\DataConPro.csproj", "{DB95A8D7-CEC5-4A01-B601-B9BABE6DF8C1}"
EndProject
Project("{FAE04EC0-301F-11D3-BF4B-00C04F79EFBC}") = "DataConApplication", "DataConApplication\DataConApplication.csproj", "{49DC4AEB-2E9F-40D7-BDF6-5182605B1315}"
EndProject
Project("{FAE04EC0-301F-11D3-BF4B-00C04F79EFBC}") = "DataConCore", "DataConCore\DataConCore.csproj", "{69E49777-F6CF-4582-B25D-A54E33D87C36}"
EndProject
Global
	GlobalSection(SolutionConfigurationPlatforms) = preSolution
		Debug|Any CPU = Debug|Any CPU
		Release|Any CPU = Release|Any CPU
	EndGlobalSection
	GlobalSection(SolutionProperties) = preSolution
		HideSolutionNode = FALSE
	EndGlobalSection
	GlobalSection(ProjectConfigurationPlatforms) = postSolution
		{DB95A8D7-CEC5-4A01-B601-B9BABE6DF8C1}.Debug|Any CPU.ActiveCfg = Debug|Any CPU
		{DB95A8D7-CEC5-4A01-B601-B9BABE6DF8C1}.Debug|Any CPU.Build.0 = Debug|Any CPU
		{DB95A8D7-CEC5-4A01-B601-B9BABE6DF8C1}.Release|Any CPU.ActiveCfg = Release|Any CPU
		{DB95A8D7-CEC5-4A01-B601-B9BABE6DF8C1}.Release|Any CPU.Build.0 = Release|Any CPU
		{49DC4AEB-2E9F-40D7-BDF6-5182605B1315}.Debug|Any CPU.ActiveCfg = Debug|Any CPU
		{49DC4AEB-2E9F-40D7-BDF6-5182605B1315}.Debug|Any CPU.Build.0 = Debug|Any CPU
		{49DC4AEB-2E9F-40D7-BDF6-5182605B1315}.Release|Any CPU.ActiveCfg = Release|Any CPU
		{49DC4AEB-2E9F-40D7-BDF6-5182605B1315}.Release|Any CPU.Build.0 = Release|Any CPU
		{69E49777-F6CF-4582-B25D-A54E33D87C36}.Debug|Any CPU.ActiveCfg = Debug|Any CPU
		{69E49777-F6CF-4582-B25D-A54E33D87C36}.Debug|Any CPU.Build.0 = Debug|Any CPU
		{69E49777-F6CF-4582-B25D-A54E33D87C36}.Release|Any CPU.ActiveCfg = Release|Any CPU
		{69E49777-F6CF-4582-B25D-A54E33D87C36}.Release|Any CPU.Build.0 = Release|Any CPU
	EndGlobalSection
EndGlobal
