
Microsoft Visual Studio Solution File, Format Version 12.00
# Visual Studio Version 17
VisualStudioVersion = 17.0.31903.59
MinimumVisualStudioVersion = 10.0.40219.1
Project("{9A19103F-16F7-4668-BE54-9A1E7A4F7556}") = "DataConPro", "DataConPro\DataConPro.csproj", "{DB95A8D7-CEC5-4A01-B601-B9BABE6DF8C1}"
EndProject
Project("{9A19103F-16F7-4668-BE54-9A1E7A4F7556}") = "DataConApplication", "DataConApplication\DataConApplication.csproj", "{49DC4AEB-2E9F-40D7-BDF6-5182605B1315}"
EndProject
Project("{9A19103F-16F7-4668-BE54-9A1E7A4F7556}") = "DataConCore", "DataConCore\DataConCore.csproj", "{69E49777-F6CF-4582-B25D-A54E33D87C36}"
EndProject
Project("{9A19103F-16F7-4668-BE54-9A1E7A4F7556}") = "DataConApi", "DataConApi\DataConApi.csproj", "{03D3B9F3-23BF-4D2E-83D6-4CFB062D4698}"
EndProject
Project("{9A19103F-16F7-4668-BE54-9A1E7A4F7556}") = "DataConGateway", "DataConGateway\DataConGateway.csproj", "{ED309032-1D25-41A3-BD10-5A3F47D8691D}"
EndProject
Project("{FAE04EC0-301F-11D3-BF4B-00C04F79EFBC}") = "DataCon.IRepositories", "DataCon.IRepositories\DataCon.IRepositories.csproj", "{14E29147-163A-4C1A-BC3F-C878A6D09963}"
EndProject
Project("{FAE04EC0-301F-11D3-BF4B-00C04F79EFBC}") = "DataCon.Repositories", "DataCon.Repositories\DataCon.Repositories.csproj", "{B2FCE0C3-BFE5-44A8-AA5E-D3227B458575}"
EndProject
Global
	GlobalSection(SolutionConfigurationPlatforms) = preSolution
		Debug|Any CPU = Debug|Any CPU
		Release|Any CPU = Release|Any CPU
	EndGlobalSection
	GlobalSection(ProjectConfigurationPlatforms) = postSolution
		{DB95A8D7-CEC5-4A01-B601-B9BABE6DF8C1}.Debug|Any CPU.ActiveCfg = Debug|Any CPU
		{DB95A8D7-CEC5-4A01-B601-B9BABE6DF8C1}.Debug|Any CPU.Build.0 = Debug|Any CPU
		{DB95A8D7-CEC5-4A01-B601-B9BABE6DF8C1}.Release|Any CPU.ActiveCfg = Release|Any CPU
		{DB95A8D7-CEC5-4A01-B601-B9BABE6DF8C1}.Release|Any CPU.Build.0 = Release|Any CPU
		{49DC4AEB-2E9F-40D7-BDF6-5182605B1315}.Debug|Any CPU.ActiveCfg = Debug|Any CPU
		{49DC4AEB-2E9F-40D7-BDF6-5182605B1315}.Debug|Any CPU.Build.0 = Debug|Any CPU
		{49DC4AEB-2E9F-40D7-BDF6-5182605B1315}.Release|Any CPU.ActiveCfg = Release|Any CPU
		{49DC4AEB-2E9F-40D7-BDF6-5182605B1315}.Release|Any CPU.Build.0 = Release|Any CPU
		{69E49777-F6CF-4582-B25D-A54E33D87C36}.Debug|Any CPU.ActiveCfg = Debug|Any CPU
		{69E49777-F6CF-4582-B25D-A54E33D87C36}.Debug|Any CPU.Build.0 = Debug|Any CPU
		{69E49777-F6CF-4582-B25D-A54E33D87C36}.Release|Any CPU.ActiveCfg = Release|Any CPU
		{69E49777-F6CF-4582-B25D-A54E33D87C36}.Release|Any CPU.Build.0 = Release|Any CPU
		{03D3B9F3-23BF-4D2E-83D6-4CFB062D4698}.Debug|Any CPU.ActiveCfg = Debug|Any CPU
		{03D3B9F3-23BF-4D2E-83D6-4CFB062D4698}.Debug|Any CPU.Build.0 = Debug|Any CPU
		{03D3B9F3-23BF-4D2E-83D6-4CFB062D4698}.Release|Any CPU.ActiveCfg = Release|Any CPU
		{03D3B9F3-23BF-4D2E-83D6-4CFB062D4698}.Release|Any CPU.Build.0 = Release|Any CPU
		{ED309032-1D25-41A3-BD10-5A3F47D8691D}.Debug|Any CPU.ActiveCfg = Debug|Any CPU
		{ED309032-1D25-41A3-BD10-5A3F47D8691D}.Debug|Any CPU.Build.0 = Debug|Any CPU
		{ED309032-1D25-41A3-BD10-5A3F47D8691D}.Release|Any CPU.ActiveCfg = Release|Any CPU
		{ED309032-1D25-41A3-BD10-5A3F47D8691D}.Release|Any CPU.Build.0 = Release|Any CPU
		{14E29147-163A-4C1A-BC3F-C878A6D09963}.Debug|Any CPU.ActiveCfg = Debug|Any CPU
		{14E29147-163A-4C1A-BC3F-C878A6D09963}.Debug|Any CPU.Build.0 = Debug|Any CPU
		{14E29147-163A-4C1A-BC3F-C878A6D09963}.Release|Any CPU.ActiveCfg = Release|Any CPU
		{14E29147-163A-4C1A-BC3F-C878A6D09963}.Release|Any CPU.Build.0 = Release|Any CPU
		{B2FCE0C3-BFE5-44A8-AA5E-D3227B458575}.Debug|Any CPU.ActiveCfg = Debug|Any CPU
		{B2FCE0C3-BFE5-44A8-AA5E-D3227B458575}.Debug|Any CPU.Build.0 = Debug|Any CPU
		{B2FCE0C3-BFE5-44A8-AA5E-D3227B458575}.Release|Any CPU.ActiveCfg = Release|Any CPU
		{B2FCE0C3-BFE5-44A8-AA5E-D3227B458575}.Release|Any CPU.Build.0 = Release|Any CPU
	EndGlobalSection
	GlobalSection(SolutionProperties) = preSolution
		HideSolutionNode = FALSE
	EndGlobalSection
	GlobalSection(ExtensibilityGlobals) = postSolution
		SolutionGuid = {BFE7AC25-8872-4DB0-A31F-EE2B414067AD}
	EndGlobalSection
EndGlobal
